
Microsoft Visual Studio Solution File, Format Version 12.00
# Visual Studio Version 16
VisualStudioVersion = 16.0.30114.105
MinimumVisualStudioVersion = 10.0.40219.1
Project("{FAE04EC0-301F-11D3-BF4B-00C04F79EFBC}") = "MarsRoverService", "MarsRoverService\MarsRoverService.csproj", "{97EE3723-BAF4-4640-BB1D-E6CBC29C0456}"
EndProject
Project("{FAE04EC0-301F-11D3-BF4B-00C04F79EFBC}") = "MarsRoverService.Tests", "MarsRoverService.Tests\MarsRoverService.Tests.csproj", "{5B6ABEEE-A027-4AD3-9682-659D74FF43FD}"
EndProject
Global
	GlobalSection(SolutionConfigurationPlatforms) = preSolution
		Debug|Any CPU = Debug|Any CPU
		Release|Any CPU = Release|Any CPU
	EndGlobalSection
	GlobalSection(SolutionProperties) = preSolution
		HideSolutionNode = FALSE
	EndGlobalSection
	GlobalSection(ProjectConfigurationPlatforms) = postSolution
		{97EE3723-BAF4-4640-BB1D-E6CBC29C0456}.Debug|Any CPU.ActiveCfg = Debug|Any CPU
		{97EE3723-BAF4-4640-BB1D-E6CBC29C0456}.Debug|Any CPU.Build.0 = Debug|Any CPU
		{97EE3723-BAF4-4640-BB1D-E6CBC29C0456}.Release|Any CPU.ActiveCfg = Release|Any CPU
		{97EE3723-BAF4-4640-BB1D-E6CBC29C0456}.Release|Any CPU.Build.0 = Release|Any CPU
		{5B6ABEEE-A027-4AD3-9682-659D74FF43FD}.Debug|Any CPU.ActiveCfg = Debug|Any CPU
		{5B6ABEEE-A027-4AD3-9682-659D74FF43FD}.Debug|Any CPU.Build.0 = Debug|Any CPU
		{5B6ABEEE-A027-4AD3-9682-659D74FF43FD}.Release|Any CPU.ActiveCfg = Release|Any CPU
		{5B6ABEEE-A027-4AD3-9682-659D74FF43FD}.Release|Any CPU.Build.0 = Release|Any CPU
	EndGlobalSection
EndGlobal
